PODS:
  - SDWebImage (3.8.2):
    - SDWebImage/Core (= 3.8.2)
  - SDWebImage/Core (3.8.2)
  - YelpAPI (2.0.0)

DEPENDENCIES:
  - SDWebImage (~> 3.8)
  - YelpAPI

SPEC CHECKSUMS:
  SDWebImage: 098e97e6176540799c27e804c96653ee0833d13c
  YelpAPI: a0475cf4a7b6f9fe81f1bb7b8a8492770f21e3c7

PODFILE CHECKSUM: 6466b2e8490dd559ce319f132594d790abb1004f

COCOAPODS: 1.2.0
